// !$*UTF8*$!
{
	archiveVersion = 1;
	classes = {
	};
	objectVersion = 46;
	objects = {

/* Begin PBXBuildFile section */
		C227EDB41E6826D1008FCF92 /* main.m in Sources */ = {isa = PBXBuildFile; fileRef = C227EDB31E6826D1008FCF92 /* main.m */; };
		C227EDB71E6826D1008FCF92 /* AppDelegate.m in Sources */ = {isa = PBXBuildFile; fileRef = C227EDB61E6826D1008FCF92 /* AppDelegate.m */; };
		C227EDBA1E6826D1008FCF92 /* ViewController.m in Sources */ = {isa = PBXBuildFile; fileRef = C227EDB91E6826D1008FCF92 /* ViewController.m */; };
		C227EDBD1E6826D1008FCF92 /* Main.storyboard in Resources */ = {isa = PBXBuildFile; fileRef = C227EDBB1E6826D1008FCF92 /* Main.storyboard */; };
		C227EDBF1E6826D1008FCF92 /* Assets.xcassets in Resources */ = {isa = PBXBuildFile; fileRef = C227EDBE1E6826D1008FCF92 /* Assets.xcassets */; };
		C227EDC21E6826D1008FCF92 /* LaunchScreen.storyboard in Resources */ = {isa = PBXBuildFile; fileRef = C227EDC01E6826D1008FCF92 /* LaunchScreen.storyboard */; };
		C227EDCD1E6826D2008FCF92 /* OCTWebViewBridgeTests.m in Sources */ = {isa = PBXBuildFile; fileRef = C227EDCC1E6826D2008FCF92 /* OCTWebViewBridgeTests.m */; };
		C227EDE11E682785008FCF92 /* message.js in Resources */ = {isa = PBXBuildFile; fileRef = C227EDE01E682785008FCF92 /* message.js */; };
		C227EDE81E6829BC008FCF92 /* OCTWebViewPluginInjector.m in Sources */ = {isa = PBXBuildFile; fileRef = C227EDE71E6829BC008FCF92 /* OCTWebViewPluginInjector.m */; };
		C227EDED1E683B08008FCF92 /* log.js in Resources */ = {isa = PBXBuildFile; fileRef = C227EDEC1E683B08008FCF92 /* log.js */; };
		C227EDF51E683B1D008FCF92 /* alert.js in Resources */ = {isa = PBXBuildFile; fileRef = C227EDF11E683B1D008FCF92 /* alert.js */; };
		C227EDF61E683B1D008FCF92 /* demo.html in Resources */ = {isa = PBXBuildFile; fileRef = C227EDF21E683B1D008FCF92 /* demo.html */; };
		C227EDF71E683B1D008FCF92 /* OCTAlertPlugin.m in Sources */ = {isa = PBXBuildFile; fileRef = C227EDF41E683B1D008FCF92 /* OCTAlertPlugin.m */; };
		C227EDFC1E684099008FCF92 /* block_plugin_template.js in Resources */ = {isa = PBXBuildFile; fileRef = C227EDFB1E684099008FCF92 /* block_plugin_template.js */; };
		C227EDFE1E6842E3008FCF92 /* block_plugin_with_callback_template.js in Resources */ = {isa = PBXBuildFile; fileRef = C227EDFD1E6842E3008FCF92 /* block_plugin_with_callback_template.js */; };
		C227EE021E684335008FCF92 /* OCTBlockPlugin.m in Sources */ = {isa = PBXBuildFile; fileRef = C227EE011E684335008FCF92 /* OCTBlockPlugin.m */; };
		C273E1101E6932CA00737C0B /* css_injector.js in Resources */ = {isa = PBXBuildFile; fileRef = C273E10F1E6932CA00737C0B /* css_injector.js */; };
		C273E1141E6960A600737C0B /* bootstrap.css in Resources */ = {isa = PBXBuildFile; fileRef = C273E1131E6960A600737C0B /* bootstrap.css */; };
		C2A4201E1E6930720067FE0B /* OCTCSSInjectionPlugin.m in Sources */ = {isa = PBXBuildFile; fileRef = C2A4201D1E6930720067FE0B /* OCTCSSInjectionPlugin.m */; };
		C2F905BD1EE0052C00B1E9D6 /* log_plugin.js in Resources */ = {isa = PBXBuildFile; fileRef = C2F905BC1EE0052C00B1E9D6 /* log_plugin.js */; };
		C2F905C01EE0059700B1E9D6 /* OCTLogPlugin.m in Sources */ = {isa = PBXBuildFile; fileRef = C2F905BF1EE0059700B1E9D6 /* OCTLogPlugin.m */; };
		C2F905C41EE00B4800B1E9D6 /* OCTLogger.m in Sources */ = {isa = PBXBuildFile; fileRef = C2F905C31EE00B4800B1E9D6 /* OCTLogger.m */; };
		C2F905C71EE00DA800B1E9D6 /* OCTConsoleLogger.m in Sources */ = {isa = PBXBuildFile; fileRef = C2F905C61EE00DA800B1E9D6 /* OCTConsoleLogger.m */; };
		C2F905CA1EE00E3E00B1E9D6 /* OCTFileLogger.m in Sources */ = {isa = PBXBuildFile; fileRef = C2F905C91EE00E3E00B1E9D6 /* OCTFileLogger.m */; };
/* End PBXBuildFile section */

/* Begin PBXContainerItemProxy section */
		C227EDC91E6826D2008FCF92 /* PBXContainerItemProxy */ = {
			isa = PBXContainerItemProxy;
			containerPortal = C227EDA71E6826D1008FCF92 /* Project object */;
			proxyType = 1;
			remoteGlobalIDString = C227EDAE1E6826D1008FCF92;
			remoteInfo = OCTWebViewBridge;
		};
/* End PBXContainerItemProxy section */

/* Begin PBXFileReference section */
		C227EDAF1E6826D1008FCF92 /* OCTWebViewBridge.app */ = {isa = PBXFileReference; explicitFileType = wrapper.application; includeInIndex = 0; path = OCTWebViewBridge.app; sourceTree = BUILT_PRODUCTS_DIR; };
		C227EDB31E6826D1008FCF92 /* main.m */ = {isa = PBXFileReference; lastKnownFileType = sourcecode.c.objc; path = main.m; sourceTree = "<group>"; };
		C227EDB51E6826D1008FCF92 /* AppDelegate.h */ = {isa = PBXFileReference; lastKnownFileType = sourcecode.c.h; path = AppDelegate.h; sourceTree = "<group>"; };
		C227EDB61E6826D1008FCF92 /* AppDelegate.m */ = {isa = PBXFileReference; lastKnownFileType = sourcecode.c.objc; path = AppDelegate.m; sourceTree = "<group>"; };
		C227EDB81E6826D1008FCF92 /* ViewController.h */ = {isa = PBXFileReference; lastKnownFileType = sourcecode.c.h; path = ViewController.h; sourceTree = "<group>"; };
		C227EDB91E6826D1008FCF92 /* ViewController.m */ = {isa = PBXFileReference; lastKnownFileType = sourcecode.c.objc; path = ViewController.m; sourceTree = "<group>"; };
		C227EDBC1E6826D1008FCF92 /* Base */ = {isa = PBXFileReference; lastKnownFileType = file.storyboard; name = Base; path = Base.lproj/Main.storyboard; sourceTree = "<group>"; };
		C227EDBE1E6826D1008FCF92 /* Assets.xcassets */ = {isa = PBXFileReference; lastKnownFileType = folder.assetcatalog; path = Assets.xcassets; sourceTree = "<group>"; };
		C227EDC11E6826D1008FCF92 /* Base */ = {isa = PBXFileReference; lastKnownFileType = file.storyboard; name = Base; path = Base.lproj/LaunchScreen.storyboard; sourceTree = "<group>"; };
		C227EDC31E6826D1008FCF92 /* Info.plist */ = {isa = PBXFileReference; lastKnownFileType = text.plist.xml; path = Info.plist; sourceTree = "<group>"; };
		C227EDC81E6826D2008FCF92 /* OCTWebViewBridgeTests.xctest */ = {isa = PBXFileReference; explicitFileType = wrapper.cfbundle; includeInIndex = 0; path = OCTWebViewBridgeTests.xctest; sourceTree = BUILT_PRODUCTS_DIR; };
		C227EDCC1E6826D2008FCF92 /* OCTWebViewBridgeTests.m */ = {isa = PBXFileReference; lastKnownFileType = sourcecode.c.objc; path = OCTWebViewBridgeTests.m; sourceTree = "<group>"; };
		C227EDCE1E6826D2008FCF92 /* Info.plist */ = {isa = PBXFileReference; lastKnownFileType = text.plist.xml; path = Info.plist; sourceTree = "<group>"; };
		C227EDE01E682785008FCF92 /* message.js */ = {isa = PBXFileReference; fileEncoding = 4; lastKnownFileType = sourcecode.javascript; path = message.js; sourceTree = "<group>"; };
		C227EDE51E682909008FCF92 /* OCTWebViewPlugin.h */ = {isa = PBXFileReference; fileEncoding = 4; lastKnownFileType = sourcecode.c.h; path = OCTWebViewPlugin.h; sourceTree = "<group>"; };
		C227EDE61E6829BC008FCF92 /* OCTWebViewPluginInjector.h */ = {isa = PBXFileReference; fileEncoding = 4; lastKnownFileType = sourcecode.c.h; path = OCTWebViewPluginInjector.h; sourceTree = "<group>"; };
		C227EDE71E6829BC008FCF92 /* OCTWebViewPluginInjector.m */ = {isa = PBXFileReference; fileEncoding = 4; lastKnownFileType = sourcecode.c.objc; path = OCTWebViewPluginInjector.m; sourceTree = "<group>"; };
		C227EDEC1E683B08008FCF92 /* log.js */ = {isa = PBXFileReference; fileEncoding = 4; lastKnownFileType = sourcecode.javascript; path = log.js; sourceTree = "<group>"; };
		C227EDF11E683B1D008FCF92 /* alert.js */ = {isa = PBXFileReference; fileEncoding = 4; lastKnownFileType = sourcecode.javascript; path = alert.js; sourceTree = "<group>"; };
		C227EDF21E683B1D008FCF92 /* demo.html */ = {isa = PBXFileReference; fileEncoding = 4; lastKnownFileType = text.html; path = demo.html; sourceTree = "<group>"; };
		C227EDF31E683B1D008FCF92 /* OCTAlertPlugin.h */ = {isa = PBXFileReference; fileEncoding = 4; lastKnownFileType = sourcecode.c.h; path = OCTAlertPlugin.h; sourceTree = "<group>"; };
		C227EDF41E683B1D008FCF92 /* OCTAlertPlugin.m */ = {isa = PBXFileReference; fileEncoding = 4; lastKnownFileType = sourcecode.c.objc; path = OCTAlertPlugin.m; sourceTree = "<group>"; };
		C227EDF81E683B3C008FCF92 /* OCTWebViewBridge.h */ = {isa = PBXFileReference; lastKnownFileType = sourcecode.c.h; path = OCTWebViewBridge.h; sourceTree = "<group>"; };
		C227EDFB1E684099008FCF92 /* block_plugin_template.js */ = {isa = PBXFileReference; fileEncoding = 4; lastKnownFileType = sourcecode.javascript; path = block_plugin_template.js; sourceTree = "<group>"; };
		C227EDFD1E6842E3008FCF92 /* block_plugin_with_callback_template.js */ = {isa = PBXFileReference; fileEncoding = 4; lastKnownFileType = sourcecode.javascript; path = block_plugin_with_callback_template.js; sourceTree = "<group>"; };
		C227EE001E684335008FCF92 /* OCTBlockPlugin.h */ = {isa = PBXFileReference; fileEncoding = 4; lastKnownFileType = sourcecode.c.h; path = OCTBlockPlugin.h; sourceTree = "<group>"; };
		C227EE011E684335008FCF92 /* OCTBlockPlugin.m */ = {isa = PBXFileReference; fileEncoding = 4; lastKnownFileType = sourcecode.c.objc; path = OCTBlockPlugin.m; sourceTree = "<group>"; };
		C273E10F1E6932CA00737C0B /* css_injector.js */ = {isa = PBXFileReference; fileEncoding = 4; lastKnownFileType = sourcecode.javascript; path = css_injector.js; sourceTree = "<group>"; };
		C273E1131E6960A600737C0B /* bootstrap.css */ = {isa = PBXFileReference; fileEncoding = 4; lastKnownFileType = text.css; path = bootstrap.css; sourceTree = "<group>"; };
		C2A4201C1E6930720067FE0B /* OCTCSSInjectionPlugin.h */ = {isa = PBXFileReference; fileEncoding = 4; lastKnownFileType = sourcecode.c.h; path = OCTCSSInjectionPlugin.h; sourceTree = "<group>"; };
		C2A4201D1E6930720067FE0B /* OCTCSSInjectionPlugin.m */ = {isa = PBXFileReference; fileEncoding = 4; lastKnownFileType = sourcecode.c.objc; path = OCTCSSInjectionPlugin.m; sourceTree = "<group>"; };
		C2F905BC1EE0052C00B1E9D6 /* log_plugin.js */ = {isa = PBXFileReference; fileEncoding = 4; lastKnownFileType = sourcecode.javascript; path = log_plugin.js; sourceTree = "<group>"; };
		C2F905BE1EE0059700B1E9D6 /* OCTLogPlugin.h */ = {isa = PBXFileReference; fileEncoding = 4; lastKnownFileType = sourcecode.c.h; path = OCTLogPlugin.h; sourceTree = "<group>"; };
		C2F905BF1EE0059700B1E9D6 /* OCTLogPlugin.m */ = {isa = PBXFileReference; fileEncoding = 4; lastKnownFileType = sourcecode.c.objc; path = OCTLogPlugin.m; sourceTree = "<group>"; };
		C2F905C21EE00B4800B1E9D6 /* OCTLogger.h */ = {isa = PBXFileReference; fileEncoding = 4; lastKnownFileType = sourcecode.c.h; path = OCTLogger.h; sourceTree = "<group>"; };
		C2F905C31EE00B4800B1E9D6 /* OCTLogger.m */ = {isa = PBXFileReference; fileEncoding = 4; lastKnownFileType = sourcecode.c.objc; path = OCTLogger.m; sourceTree = "<group>"; };
		C2F905C51EE00DA800B1E9D6 /* OCTConsoleLogger.h */ = {isa = PBXFileReference; fileEncoding = 4; lastKnownFileType = sourcecode.c.h; path = OCTConsoleLogger.h; sourceTree = "<group>"; };
		C2F905C61EE00DA800B1E9D6 /* OCTConsoleLogger.m */ = {isa = PBXFileReference; fileEncoding = 4; lastKnownFileType = sourcecode.c.objc; path = OCTConsoleLogger.m; sourceTree = "<group>"; };
		C2F905C81EE00E3E00B1E9D6 /* OCTFileLogger.h */ = {isa = PBXFileReference; fileEncoding = 4; lastKnownFileType = sourcecode.c.h; path = OCTFileLogger.h; sourceTree = "<group>"; };
		C2F905C91EE00E3E00B1E9D6 /* OCTFileLogger.m */ = {isa = PBXFileReference; fileEncoding = 4; lastKnownFileType = sourcecode.c.objc; path = OCTFileLogger.m; sourceTree = "<group>"; };
/* End PBXFileReference section */

/* Begin PBXFrameworksBuildPhase section */
		C227EDAC1E6826D1008FCF92 /* Frameworks */ = {
			isa = PBXFrameworksBuildPhase;
			buildActionMask = 2147483647;
			files = (
			);
			runOnlyForDeploymentPostprocessing = 0;
		};
		C227EDC51E6826D2008FCF92 /* Frameworks */ = {
			isa = PBXFrameworksBuildPhase;
			buildActionMask = 2147483647;
			files = (
			);
			runOnlyForDeploymentPostprocessing = 0;
		};
/* End PBXFrameworksBuildPhase section */

/* Begin PBXGroup section */
		C227EDA61E6826D1008FCF92 = {
			isa = PBXGroup;
			children = (
				C227EDD71E6826E3008FCF92 /* Classes */,
				C227EDB11E6826D1008FCF92 /* OCTWebViewBridge */,
				C227EDCB1E6826D2008FCF92 /* OCTWebViewBridgeTests */,
				C227EDB01E6826D1008FCF92 /* Products */,
			);
			sourceTree = "<group>";
		};
		C227EDB01E6826D1008FCF92 /* Products */ = {
			isa = PBXGroup;
			children = (
				C227EDAF1E6826D1008FCF92 /* OCTWebViewBridge.app */,
				C227EDC81E6826D2008FCF92 /* OCTWebViewBridgeTests.xctest */,
			);
			name = Products;
			sourceTree = "<group>";
		};
		C227EDB11E6826D1008FCF92 /* OCTWebViewBridge */ = {
			isa = PBXGroup;
			children = (
				C227EDE91E683AA9008FCF92 /* Sample */,
				C227EDB81E6826D1008FCF92 /* ViewController.h */,
				C227EDB91E6826D1008FCF92 /* ViewController.m */,
				C227EDB21E6826D1008FCF92 /* Supporting Files */,
			);
			path = OCTWebViewBridge;
			sourceTree = "<group>";
		};
		C227EDB21E6826D1008FCF92 /* Supporting Files */ = {
			isa = PBXGroup;
			children = (
				C227EDB51E6826D1008FCF92 /* AppDelegate.h */,
				C227EDB61E6826D1008FCF92 /* AppDelegate.m */,
				C227EDBB1E6826D1008FCF92 /* Main.storyboard */,
				C227EDBE1E6826D1008FCF92 /* Assets.xcassets */,
				C227EDC01E6826D1008FCF92 /* LaunchScreen.storyboard */,
				C227EDC31E6826D1008FCF92 /* Info.plist */,
				C227EDB31E6826D1008FCF92 /* main.m */,
			);
			name = "Supporting Files";
			sourceTree = "<group>";
		};
		C227EDCB1E6826D2008FCF92 /* OCTWebViewBridgeTests */ = {
			isa = PBXGroup;
			children = (
				C227EDCC1E6826D2008FCF92 /* OCTWebViewBridgeTests.m */,
				C227EDCE1E6826D2008FCF92 /* Info.plist */,
			);
			path = OCTWebViewBridgeTests;
			sourceTree = "<group>";
		};
		C227EDD71E6826E3008FCF92 /* Classes */ = {
			isa = PBXGroup;
			children = (
				C227EDF81E683B3C008FCF92 /* OCTWebViewBridge.h */,
				C227EDDE1E682764008FCF92 /* Resources */,
				C227EDFF1E68431F008FCF92 /* Plugins */,
				C2F905C11EE00B3400B1E9D6 /* Logger */,
				C227EDD81E6826EC008FCF92 /* Core */,
			);
			path = Classes;
			sourceTree = "<group>";
		};
		C227EDD81E6826EC008FCF92 /* Core */ = {
			isa = PBXGroup;
			children = (
				C227EDDB1E682724008FCF92 /* Protocol */,
				C227EDDA1E68271A008FCF92 /* Injector */,
			);
			name = Core;
			sourceTree = "<group>";
		};
		C227EDDA1E68271A008FCF92 /* Injector */ = {
			isa = PBXGroup;
			children = (
				C227EDE61E6829BC008FCF92 /* OCTWebViewPluginInjector.h */,
				C227EDE71E6829BC008FCF92 /* OCTWebViewPluginInjector.m */,
			);
			name = Injector;
			sourceTree = "<group>";
		};
		C227EDDB1E682724008FCF92 /* Protocol */ = {
			isa = PBXGroup;
			children = (
				C227EDE51E682909008FCF92 /* OCTWebViewPlugin.h */,
			);
			name = Protocol;
			sourceTree = "<group>";
		};
		C227EDDE1E682764008FCF92 /* Resources */ = {
			isa = PBXGroup;
			children = (
				C227EDE01E682785008FCF92 /* message.js */,
				C227EDFB1E684099008FCF92 /* block_plugin_template.js */,
				C227EDFD1E6842E3008FCF92 /* block_plugin_with_callback_template.js */,
				C273E10F1E6932CA00737C0B /* css_injector.js */,
				C2F905BC1EE0052C00B1E9D6 /* log_plugin.js */,
			);
			path = Resources;
			sourceTree = SOURCE_ROOT;
		};
		C227EDE91E683AA9008FCF92 /* Sample */ = {
			isa = PBXGroup;
			children = (
				C227EDF31E683B1D008FCF92 /* OCTAlertPlugin.h */,
				C227EDF41E683B1D008FCF92 /* OCTAlertPlugin.m */,
				C227EDEB1E683AC4008FCF92 /* web */,
				C227EDEA1E683AB9008FCF92 /* JS */,
			);
			name = Sample;
			sourceTree = "<group>";
		};
		C227EDEA1E683AB9008FCF92 /* JS */ = {
			isa = PBXGroup;
			children = (
				C227EDF11E683B1D008FCF92 /* alert.js */,
				C227EDEC1E683B08008FCF92 /* log.js */,
			);
			name = JS;
			sourceTree = "<group>";
		};
		C227EDEB1E683AC4008FCF92 /* web */ = {
			isa = PBXGroup;
			children = (
				C227EDF21E683B1D008FCF92 /* demo.html */,
				C273E1131E6960A600737C0B /* bootstrap.css */,
			);
			name = web;
			sourceTree = "<group>";
		};
		C227EDFF1E68431F008FCF92 /* Plugins */ = {
			isa = PBXGroup;
			children = (
				C227EE001E684335008FCF92 /* OCTBlockPlugin.h */,
				C227EE011E684335008FCF92 /* OCTBlockPlugin.m */,
				C2A4201C1E6930720067FE0B /* OCTCSSInjectionPlugin.h */,
				C2A4201D1E6930720067FE0B /* OCTCSSInjectionPlugin.m */,
				C2F905BE1EE0059700B1E9D6 /* OCTLogPlugin.h */,
				C2F905BF1EE0059700B1E9D6 /* OCTLogPlugin.m */,
			);
			name = Plugins;
			sourceTree = "<group>";
		};
		C2F905C11EE00B3400B1E9D6 /* Logger */ = {
			isa = PBXGroup;
			children = (
				C2F905C21EE00B4800B1E9D6 /* OCTLogger.h */,
				C2F905C31EE00B4800B1E9D6 /* OCTLogger.m */,
				C2F905C51EE00DA800B1E9D6 /* OCTConsoleLogger.h */,
				C2F905C61EE00DA800B1E9D6 /* OCTConsoleLogger.m */,
				C2F905C81EE00E3E00B1E9D6 /* OCTFileLogger.h */,
				C2F905C91EE00E3E00B1E9D6 /* OCTFileLogger.m */,
			);
			path = Logger;
			sourceTree = "<group>";
		};
/* End PBXGroup section */

/* Begin PBXNativeTarget section */
		C227EDAE1E6826D1008FCF92 /* OCTWebViewBridge */ = {
			isa = PBXNativeTarget;
			buildConfigurationList = C227EDD11E6826D2008FCF92 /* Build configuration list for PBXNativeTarget "OCTWebViewBridge" */;
			buildPhases = (
				C227EDAB1E6826D1008FCF92 /* Sources */,
				C227EDAC1E6826D1008FCF92 /* Frameworks */,
				C227EDAD1E6826D1008FCF92 /* Resources */,
			);
			buildRules = (
			);
			dependencies = (
			);
			name = OCTWebViewBridge;
			productName = OCTWebViewBridge;
			productReference = C227EDAF1E6826D1008FCF92 /* OCTWebViewBridge.app */;
			productType = "com.apple.product-type.application";
		};
		C227EDC71E6826D2008FCF92 /* OCTWebViewBridgeTests */ = {
			isa = PBXNativeTarget;
			buildConfigurationList = C227EDD41E6826D2008FCF92 /* Build configuration list for PBXNativeTarget "OCTWebViewBridgeTests" */;
			buildPhases = (
				C227EDC41E6826D2008FCF92 /* Sources */,
				C227EDC51E6826D2008FCF92 /* Frameworks */,
				C227EDC61E6826D2008FCF92 /* Resources */,
			);
			buildRules = (
			);
			dependencies = (
				C227EDCA1E6826D2008FCF92 /* PBXTargetDependency */,
			);
			name = OCTWebViewBridgeTests;
			productName = OCTWebViewBridgeTests;
			productReference = C227EDC81E6826D2008FCF92 /* OCTWebViewBridgeTests.xctest */;
			productType = "com.apple.product-type.bundle.unit-test";
		};
/* End PBXNativeTarget section */

/* Begin PBXProject section */
		C227EDA71E6826D1008FCF92 /* Project object */ = {
			isa = PBXProject;
			attributes = {
				LastUpgradeCheck = 0820;
				ORGANIZATIONNAME = Octree;
				TargetAttributes = {
					C227EDAE1E6826D1008FCF92 = {
						CreatedOnToolsVersion = 8.2.1;
						DevelopmentTeam = 7A5GV3DH33;
						ProvisioningStyle = Automatic;
					};
					C227EDC71E6826D2008FCF92 = {
						CreatedOnToolsVersion = 8.2.1;
						DevelopmentTeam = 7A5GV3DH33;
						ProvisioningStyle = Automatic;
						TestTargetID = C227EDAE1E6826D1008FCF92;
					};
				};
			};
			buildConfigurationList = C227EDAA1E6826D1008FCF92 /* Build configuration list for PBXProject "OCTWebViewBridge" */;
			compatibilityVersion = "Xcode 3.2";
			developmentRegion = English;
			hasScannedForEncodings = 0;
			knownRegions = (
				en,
				Base,
			);
			mainGroup = C227EDA61E6826D1008FCF92;
			productRefGroup = C227EDB01E6826D1008FCF92 /* Products */;
			projectDirPath = "";
			projectRoot = "";
			targets = (
				C227EDAE1E6826D1008FCF92 /* OCTWebViewBridge */,
				C227EDC71E6826D2008FCF92 /* OCTWebViewBridgeTests */,
			);
		};
/* End PBXProject section */

/* Begin PBXResourcesBuildPhase section */
		C227EDAD1E6826D1008FCF92 /* Resources */ = {
			isa = PBXResourcesBuildPhase;
			buildActionMask = 2147483647;
			files = (
				C2F905BD1EE0052C00B1E9D6 /* log_plugin.js in Resources */,
				C273E1141E6960A600737C0B /* bootstrap.css in Resources */,
				C227EDED1E683B08008FCF92 /* log.js in Resources */,
				C227EDC21E6826D1008FCF92 /* LaunchScreen.storyboard in Resources */,
				C227EDBF1E6826D1008FCF92 /* Assets.xcassets in Resources */,
				C227EDFC1E684099008FCF92 /* block_plugin_template.js in Resources */,
				C227EDE11E682785008FCF92 /* message.js in Resources */,
				C227EDFE1E6842E3008FCF92 /* block_plugin_with_callback_template.js in Resources */,
				C227EDBD1E6826D1008FCF92 /* Main.storyboard in Resources */,
				C227EDF61E683B1D008FCF92 /* demo.html in Resources */,
				C273E1101E6932CA00737C0B /* css_injector.js in Resources */,
				C227EDF51E683B1D008FCF92 /* alert.js in Resources */,
			);
			runOnlyForDeploymentPostprocessing = 0;
		};
		C227EDC61E6826D2008FCF92 /* Resources */ = {
			isa = PBXResourcesBuildPhase;
			buildActionMask = 2147483647;
			files = (
			);
			runOnlyForDeploymentPostprocessing = 0;
		};
/* End PBXResourcesBuildPhase section */

/* Begin PBXSourcesBuildPhase section */
		C227EDAB1E6826D1008FCF92 /* Sources */ = {
			isa = PBXSourcesBuildPhase;
			buildActionMask = 2147483647;
			files = (
				C227EDF71E683B1D008FCF92 /* OCTAlertPlugin.m in Sources */,
				C227EDBA1E6826D1008FCF92 /* ViewController.m in Sources */,
				C2A4201E1E6930720067FE0B /* OCTCSSInjectionPlugin.m in Sources */,
				C227EDB71E6826D1008FCF92 /* AppDelegate.m in Sources */,
				C2F905C41EE00B4800B1E9D6 /* OCTLogger.m in Sources */,
				C227EE021E684335008FCF92 /* OCTBlockPlugin.m in Sources */,
				C227EDB41E6826D1008FCF92 /* main.m in Sources */,
				C2F905C01EE0059700B1E9D6 /* OCTLogPlugin.m in Sources */,
				C2F905CA1EE00E3E00B1E9D6 /* OCTFileLogger.m in Sources */,
				C2F905C71EE00DA800B1E9D6 /* OCTConsoleLogger.m in Sources */,
				C227EDE81E6829BC008FCF92 /* OCTWebViewPluginInjector.m in Sources */,
			);
			runOnlyForDeploymentPostprocessing = 0;
		};
		C227EDC41E6826D2008FCF92 /* Sources */ = {
			isa = PBXSourcesBuildPhase;
			buildActionMask = 2147483647;
			files = (
				C227EDCD1E6826D2008FCF92 /* OCTWebViewBridgeTests.m in Sources */,
			);
			runOnlyForDeploymentPostprocessing = 0;
		};
/* End PBXSourcesBuildPhase section */

/* Begin PBXTargetDependency section */
		C227EDCA1E6826D2008FCF92 /* PBXTargetDependency */ = {
			isa = PBXTargetDependency;
			target = C227EDAE1E6826D1008FCF92 /* OCTWebViewBridge */;
			targetProxy = C227EDC91E6826D2008FCF92 /* PBXContainerItemProxy */;
		};
/* End PBXTargetDependency section */

/* Begin PBXVariantGroup section */
		C227EDBB1E6826D1008FCF92 /* Main.storyboard */ = {
			isa = PBXVariantGroup;
			children = (
				C227EDBC1E6826D1008FCF92 /* Base */,
			);
			name = Main.storyboard;
			sourceTree = "<group>";
		};
		C227EDC01E6826D1008FCF92 /* LaunchScreen.storyboard */ = {
			isa = PBXVariantGroup;
			children = (
				C227EDC11E6826D1008FCF92 /* Base */,
			);
			name = LaunchScreen.storyboard;
			sourceTree = "<group>";
		};
/* End PBXVariantGroup section */

/* Begin XCBuildConfiguration section */
		C227EDCF1E6826D2008FCF92 /* Debug */ = {
			isa = XCBuildConfiguration;
			buildSettings = {
				ALWAYS_SEARCH_USER_PATHS = NO;
				CLANG_ANALYZER_NONNULL = YES;
				CLANG_CXX_LANGUAGE_STANDARD = "gnu++0x";
				CLANG_CXX_LIBRARY = "libc++";
				CLANG_ENABLE_MODULES = YES;
				CLANG_ENABLE_OBJC_ARC = YES;
				CLANG_WARN_BOOL_CONVERSION = YES;
				CLANG_WARN_CONSTANT_CONVERSION = YES;
				CLANG_WARN_DIRECT_OBJC_ISA_USAGE = YES_ERROR;
				CLANG_WARN_DOCUMENTATION_COMMENTS = YES;
				CLANG_WARN_EMPTY_BODY = YES;
				CLANG_WARN_ENUM_CONVERSION = YES;
				CLANG_WARN_INFINITE_RECURSION = YES;
				CLANG_WARN_INT_CONVERSION = YES;
				CLANG_WARN_OBJC_ROOT_CLASS = YES_ERROR;
				CLANG_WARN_SUSPICIOUS_MOVE = YES;
				CLANG_WARN_UNREACHABLE_CODE = YES;
				CLANG_WARN__DUPLICATE_METHOD_MATCH = YES;
				"CODE_SIGN_IDENTITY[sdk=iphoneos*]" = "iPhone Developer";
				COPY_PHASE_STRIP = NO;
				DEBUG_INFORMATION_FORMAT = dwarf;
				ENABLE_STRICT_OBJC_MSGSEND = YES;
				ENABLE_TESTABILITY = YES;
				GCC_C_LANGUAGE_STANDARD = gnu99;
				GCC_DYNAMIC_NO_PIC = NO;
				GCC_NO_COMMON_BLOCKS = YES;
				GCC_OPTIMIZATION_LEVEL = 0;
				GCC_PREPROCESSOR_DEFINITIONS = (
					"DEBUG=1",
					"$(inherited)",
				);
				GCC_WARN_64_TO_32_BIT_CONVERSION = YES;
				GCC_WARN_ABOUT_RETURN_TYPE = YES_ERROR;
				GCC_WARN_UNDECLARED_SELECTOR = YES;
				GCC_WARN_UNINITIALIZED_AUTOS = YES_AGGRESSIVE;
				GCC_WARN_UNUSED_FUNCTION = YES;
				GCC_WARN_UNUSED_VARIABLE = YES;
				IPHONEOS_DEPLOYMENT_TARGET = 10.2;
				MTL_ENABLE_DEBUG_INFO = YES;
				ONLY_ACTIVE_ARCH = YES;
				SDKROOT = iphoneos;
				TARGETED_DEVICE_FAMILY = "1,2";
			};
			name = Debug;
		};
		C227EDD01E6826D2008FCF92 /* Release */ = {
			isa = XCBuildConfiguration;
			buildSettings = {
				ALWAYS_SEARCH_USER_PATHS = NO;
				CLANG_ANALYZER_NONNULL = YES;
				CLANG_CXX_LANGUAGE_STANDARD = "gnu++0x";
				CLANG_CXX_LIBRARY = "libc++";
				CLANG_ENABLE_MODULES = YES;
				CLANG_ENABLE_OBJC_ARC = YES;
				CLANG_WARN_BOOL_CONVERSION = YES;
				CLANG_WARN_CONSTANT_CONVERSION = YES;
				CLANG_WARN_DIRECT_OBJC_ISA_USAGE = YES_ERROR;
				CLANG_WARN_DOCUMENTATION_COMMENTS = YES;
				CLANG_WARN_EMPTY_BODY = YES;
				CLANG_WARN_ENUM_CONVERSION = YES;
				CLANG_WARN_INFINITE_RECURSION = YES;
				CLANG_WARN_INT_CONVERSION = YES;
				CLANG_WARN_OBJC_ROOT_CLASS = YES_ERROR;
				CLANG_WARN_SUSPICIOUS_MOVE = YES;
				CLANG_WARN_UNREACHABLE_CODE = YES;
				CLANG_WARN__DUPLICATE_METHOD_MATCH = YES;
				"CODE_SIGN_IDENTITY[sdk=iphoneos*]" = "iPhone Developer";
				COPY_PHASE_STRIP = NO;
				DEBUG_INFORMATION_FORMAT = "dwarf-with-dsym";
				ENABLE_NS_ASSERTIONS = NO;
				ENABLE_STRICT_OBJC_MSGSEND = YES;
				GCC_C_LANGUAGE_STANDARD = gnu99;
				GCC_NO_COMMON_BLOCKS = YES;
				GCC_WARN_64_TO_32_BIT_CONVERSION = YES;
				GCC_WARN_ABOUT_RETURN_TYPE = YES_ERROR;
				GCC_WARN_UNDECLARED_SELECTOR = YES;
				GCC_WARN_UNINITIALIZED_AUTOS = YES_AGGRESSIVE;
				GCC_WARN_UNUSED_FUNCTION = YES;
				GCC_WARN_UNUSED_VARIABLE = YES;
				IPHONEOS_DEPLOYMENT_TARGET = 10.2;
				MTL_ENABLE_DEBUG_INFO = NO;
				SDKROOT = iphoneos;
				TARGETED_DEVICE_FAMILY = "1,2";
				VALIDATE_PRODUCT = YES;
			};
			name = Release;
		};
		C227EDD21E6826D2008FCF92 /* Debug */ = {
			isa = XCBuildConfiguration;
			buildSettings = {
				ASSETCATALOG_COMPILER_APPICON_NAME = AppIcon;
				DEVELOPMENT_TEAM = 7A5GV3DH33;
				INFOPLIST_FILE = OCTWebViewBridge/Info.plist;
				LD_RUNPATH_SEARCH_PATHS = "$(inherited) @executable_path/Frameworks";
				PRODUCT_BUNDLE_IDENTIFIER = me.octree.OCTWebViewBridge;
				PRODUCT_NAME = "$(TARGET_NAME)";
			};
			name = Debug;
		};
		C227EDD31E6826D2008FCF92 /* Release */ = {
			isa = XCBuildConfiguration;
			buildSettings = {
				ASSETCATALOG_COMPILER_APPICON_NAME = AppIcon;
				DEVELOPMENT_TEAM = 7A5GV3DH33;
				INFOPLIST_FILE = OCTWebViewBridge/Info.plist;
				LD_RUNPATH_SEARCH_PATHS = "$(inherited) @executable_path/Frameworks";
				PRODUCT_BUNDLE_IDENTIFIER = me.octree.OCTWebViewBridge;
				PRODUCT_NAME = "$(TARGET_NAME)";
			};
			name = Release;
		};
		C227EDD51E6826D2008FCF92 /* Debug */ = {
			isa = XCBuildConfiguration;
			buildSettings = {
				BUNDLE_LOADER = "$(TEST_HOST)";
				DEVELOPMENT_TEAM = 7A5GV3DH33;
				INFOPLIST_FILE = OCTWebViewBridgeTests/Info.plist;
				LD_RUNPATH_SEARCH_PATHS = "$(inherited) @executable_path/Frameworks @loader_path/Frameworks";
				PRODUCT_BUNDLE_IDENTIFIER = me.octree.OCTWebViewBridgeTests;
				PRODUCT_NAME = "$(TARGET_NAME)";
				TEST_HOST = "$(BUILT_PRODUCTS_DIR)/OCTWebViewBridge.app/OCTWebViewBridge";
			};
			name = Debug;
		};
		C227EDD61E6826D2008FCF92 /* Release */ = {
			isa = XCBuildConfiguration;
			buildSettings = {
				BUNDLE_LOADER = "$(TEST_HOST)";
				DEVELOPMENT_TEAM = 7A5GV3DH33;
				INFOPLIST_FILE = OCTWebViewBridgeTests/Info.plist;
				LD_RUNPATH_SEARCH_PATHS = "$(inherited) @executable_path/Frameworks @loader_path/Frameworks";
				PRODUCT_BUNDLE_IDENTIFIER = me.octree.OCTWebViewBridgeTests;
				PRODUCT_NAME = "$(TARGET_NAME)";
				TEST_HOST = "$(BUILT_PRODUCTS_DIR)/OCTWebViewBridge.app/OCTWebViewBridge";
			};
			name = Release;
		};
/* End XCBuildConfiguration section */

/* Begin XCConfigurationList section */
		C227EDAA1E6826D1008FCF92 /* Build configuration list for PBXProject "OCTWebViewBridge" */ = {
			isa = XCConfigurationList;
			buildConfigurations = (
				C227EDCF1E6826D2008FCF92 /* Debug */,
				C227EDD01E6826D2008FCF92 /* Release */,
			);
			defaultConfigurationIsVisible = 0;
			defaultConfigurationName = Release;
		};
		C227EDD11E6826D2008FCF92 /* Build configuration list for PBXNativeTarget "OCTWebViewBridge" */ = {
			isa = XCConfigurationList;
			buildConfigurations = (
				C227EDD21E6826D2008FCF92 /* Debug */,
				C227EDD31E6826D2008FCF92 /* Release */,
			);
			defaultConfigurationIsVisible = 0;
			defaultConfigurationName = Release;
		};
		C227EDD41E6826D2008FCF92 /* Build configuration list for PBXNativeTarget "OCTWebViewBridgeTests" */ = {
			isa = XCConfigurationList;
			buildConfigurations = (
				C227EDD51E6826D2008FCF92 /* Debug */,
				C227EDD61E6826D2008FCF92 /* Release */,
			);
			defaultConfigurationIsVisible = 0;
			defaultConfigurationName = Release;
		};
/* End XCConfigurationList section */
	};
	rootObject = C227EDA71E6826D1008FCF92 /* Project object */;
}
